
Microsoft Visual Studio Solution File, Format Version 12.00
# Visual Studio Version 16
VisualStudioVersion = 16.0.31410.357
MinimumVisualStudioVersion = 10.0.40219.1
Project("{9A19103F-16F7-4668-BE54-9A1E7A4F7556}") = "Generic", "Generic\Generic.csproj", "{64E81060-5210-413C-9006-42A69EAC3051}"
EndProject
Project("{9A19103F-16F7-4668-BE54-9A1E7A4F7556}") = "FileHanding", "FileHanding\FileHanding.csproj", "{839C3319-19D1-4D7D-B1D9-3180CDE9AE5A}"
EndProject
Project("{9A19103F-16F7-4668-BE54-9A1E7A4F7556}") = "Reflection", "Reflection\Reflection.csproj", "{8CEFCFAD-38A2-49B3-99B7-42A1916043AC}"
EndProject
Project("{9A19103F-16F7-4668-BE54-9A1E7A4F7556}") = "LINQ", "LINQ\LINQ.csproj", "{A78066F0-7C16-4C63-AEC9-A21FA6DF4D37}"
EndProject
Project("{9A19103F-16F7-4668-BE54-9A1E7A4F7556}") = "Async", "Async\Async.csproj", "{68AAD086-B9E6-45D1-93BD-F074F854D61E}"
EndProject
Project("{9A19103F-16F7-4668-BE54-9A1E7A4F7556}") = "CodeFirst", "CodeFirst\CodeFirst.csproj", "{E87ABD79-D8CA-4B99-9093-F9268B39C703}"
EndProject
Project("{FAE04EC0-301F-11D3-BF4B-00C04F79EFBC}") = "Solid", "Solid\Solid.csproj", "{B7574A57-9A9A-4103-89E1-1E38A5DD60BE}"
EndProject
Global
	GlobalSection(SolutionConfigurationPlatforms) = preSolution
		Debug|Any CPU = Debug|Any CPU
		Release|Any CPU = Release|Any CPU
	EndGlobalSection
	GlobalSection(ProjectConfigurationPlatforms) = postSolution
		{64E81060-5210-413C-9006-42A69EAC3051}.Debug|Any CPU.ActiveCfg = Debug|Any CPU
		{64E81060-5210-413C-9006-42A69EAC3051}.Debug|Any CPU.Build.0 = Debug|Any CPU
		{64E81060-5210-413C-9006-42A69EAC3051}.Release|Any CPU.ActiveCfg = Release|Any CPU
		{64E81060-5210-413C-9006-42A69EAC3051}.Release|Any CPU.Build.0 = Release|Any CPU
		{839C3319-19D1-4D7D-B1D9-3180CDE9AE5A}.Debug|Any CPU.ActiveCfg = Debug|Any CPU
		{839C3319-19D1-4D7D-B1D9-3180CDE9AE5A}.Debug|Any CPU.Build.0 = Debug|Any CPU
		{839C3319-19D1-4D7D-B1D9-3180CDE9AE5A}.Release|Any CPU.ActiveCfg = Release|Any CPU
		{839C3319-19D1-4D7D-B1D9-3180CDE9AE5A}.Release|Any CPU.Build.0 = Release|Any CPU
		{8CEFCFAD-38A2-49B3-99B7-42A1916043AC}.Debug|Any CPU.ActiveCfg = Debug|Any CPU
		{8CEFCFAD-38A2-49B3-99B7-42A1916043AC}.Debug|Any CPU.Build.0 = Debug|Any CPU
		{8CEFCFAD-38A2-49B3-99B7-42A1916043AC}.Release|Any CPU.ActiveCfg = Release|Any CPU
		{8CEFCFAD-38A2-49B3-99B7-42A1916043AC}.Release|Any CPU.Build.0 = Release|Any CPU
		{A78066F0-7C16-4C63-AEC9-A21FA6DF4D37}.Debug|Any CPU.ActiveCfg = Debug|Any CPU
		{A78066F0-7C16-4C63-AEC9-A21FA6DF4D37}.Debug|Any CPU.Build.0 = Debug|Any CPU
		{A78066F0-7C16-4C63-AEC9-A21FA6DF4D37}.Release|Any CPU.ActiveCfg = Release|Any CPU
		{A78066F0-7C16-4C63-AEC9-A21FA6DF4D37}.Release|Any CPU.Build.0 = Release|Any CPU
		{68AAD086-B9E6-45D1-93BD-F074F854D61E}.Debug|Any CPU.ActiveCfg = Debug|Any CPU
		{68AAD086-B9E6-45D1-93BD-F074F854D61E}.Debug|Any CPU.Build.0 = Debug|Any CPU
		{68AAD086-B9E6-45D1-93BD-F074F854D61E}.Release|Any CPU.ActiveCfg = Release|Any CPU
		{68AAD086-B9E6-45D1-93BD-F074F854D61E}.Release|Any CPU.Build.0 = Release|Any CPU
		{E87ABD79-D8CA-4B99-9093-F9268B39C703}.Debug|Any CPU.ActiveCfg = Debug|Any CPU
		{E87ABD79-D8CA-4B99-9093-F9268B39C703}.Debug|Any CPU.Build.0 = Debug|Any CPU
		{E87ABD79-D8CA-4B99-9093-F9268B39C703}.Release|Any CPU.ActiveCfg = Release|Any CPU
		{E87ABD79-D8CA-4B99-9093-F9268B39C703}.Release|Any CPU.Build.0 = Release|Any CPU
		{B7574A57-9A9A-4103-89E1-1E38A5DD60BE}.Debug|Any CPU.ActiveCfg = Debug|Any CPU
		{B7574A57-9A9A-4103-89E1-1E38A5DD60BE}.Debug|Any CPU.Build.0 = Debug|Any CPU
		{B7574A57-9A9A-4103-89E1-1E38A5DD60BE}.Release|Any CPU.ActiveCfg = Release|Any CPU
		{B7574A57-9A9A-4103-89E1-1E38A5DD60BE}.Release|Any CPU.Build.0 = Release|Any CPU
	EndGlobalSection
	GlobalSection(SolutionProperties) = preSolution
		HideSolutionNode = FALSE
	EndGlobalSection
	GlobalSection(ExtensibilityGlobals) = postSolution
		SolutionGuid = {D6060824-0A88-488E-85DC-755FF8BE3B14}
	EndGlobalSection
EndGlobal
